
Microsoft Visual Studio Solution File, Format Version 12.00
# Visual Studio Version 17
VisualStudioVersion = 17.11.35327.3
MinimumVisualStudioVersion = 10.0.40219.1
Project("{FAE04EC0-301F-11D3-BF4B-00C04F79EFBC}") = "VisualizationSystem", "VisualizationSystem\VisualizationSystem.csproj", "{9D4F53EC-A28C-441D-8DF9-1996710223F3}"
EndProject
Global
	GlobalSection(SolutionConfigurationPlatforms) = preSolution
		Debug|Any CPU = Debug|Any CPU
		Release|Any CPU = Release|Any CPU
	EndGlobalSection
	GlobalSection(ProjectConfigurationPlatforms) = postSolution
		{9D4F53EC-A28C-441D-8DF9-1996710223F3}.Debug|Any CPU.ActiveCfg = Debug|Any CPU
		{9D4F53EC-A28C-441D-8DF9-1996710223F3}.Debug|Any CPU.Build.0 = Debug|Any CPU
		{9D4F53EC-A28C-441D-8DF9-1996710223F3}.Release|Any CPU.ActiveCfg = Release|Any CPU
		{9D4F53EC-A28C-441D-8DF9-1996710223F3}.Release|Any CPU.Build.0 = Release|Any CPU
	EndGlobalSection
	GlobalSection(SolutionProperties) = preSolution
		HideSolutionNode = FALSE
	EndGlobalSection
	GlobalSection(ExtensibilityGlobals) = postSolution
		SolutionGuid = {7A528611-EB9B-476A-A1A6-31B9E7A8F8F6}
	EndGlobalSection
EndGlobal
